// !$*UTF8*$!
{
	archiveVersion = 1;
	classes = {
	};
	objectVersion = 46;
	objects = {

/* Begin PBXBuildFile section */
		8588DDED1DDEB03400280ACA /* AppDelegate.m in Sources */ = {isa = PBXBuildFile; fileRef = 8588DDEC1DDEB03400280ACA /* AppDelegate.m */; };
		8588DDF01DDEB03400280ACA /* main.m in Sources */ = {isa = PBXBuildFile; fileRef = 8588DDEF1DDEB03400280ACA /* main.m */; };
		8588DDF21DDEB03400280ACA /* Assets.xcassets in Resources */ = {isa = PBXBuildFile; fileRef = 8588DDF11DDEB03400280ACA /* Assets.xcassets */; };
		8588DDF51DDEB03400280ACA /* MainMenu.xib in Resources */ = {isa = PBXBuildFile; fileRef = 8588DDF31DDEB03400280ACA /* MainMenu.xib */; };
		8588DDFD1DDEB15100280ACA /* DesktopPainterLogin.app in CopyFiles */ = {isa = PBXBuildFile; fileRef = 8588DDE91DDEB03400280ACA /* DesktopPainterLogin.app */; settings = {ATTRIBUTES = (RemoveHeadersOnCopy, ); }; };
		8588DE011DDECCA100280ACA /* DPStatusBarController.m in Sources */ = {isa = PBXBuildFile; fileRef = 8588DDFF1DDECCA100280ACA /* DPStatusBarController.m */; };
		8588DE021DDECCA100280ACA /* DPStatusBarController.xib in Resources */ = {isa = PBXBuildFile; fileRef = 8588DE001DDECCA100280ACA /* DPStatusBarController.xib */; };
		8588DE071DDED26D00280ACA /* DPSettingsWindowController.m in Sources */ = {isa = PBXBuildFile; fileRef = 8588DE051DDED26D00280ACA /* DPSettingsWindowController.m */; };
		8588DE081DDED26D00280ACA /* DPSettingsWindowController.xib in Resources */ = {isa = PBXBuildFile; fileRef = 8588DE061DDED26D00280ACA /* DPSettingsWindowController.xib */; };
		85EA07841DDDAB57002B5EE0 /* AppDelegate.m in Sources */ = {isa = PBXBuildFile; fileRef = 85EA07831DDDAB57002B5EE0 /* AppDelegate.m */; };
		85EA07871DDDAB57002B5EE0 /* main.m in Sources */ = {isa = PBXBuildFile; fileRef = 85EA07861DDDAB57002B5EE0 /* main.m */; };
		85EA07891DDDAB57002B5EE0 /* Assets.xcassets in Resources */ = {isa = PBXBuildFile; fileRef = 85EA07881DDDAB57002B5EE0 /* Assets.xcassets */; };
		85EA078C1DDDAB57002B5EE0 /* MainMenu.xib in Resources */ = {isa = PBXBuildFile; fileRef = 85EA078A1DDDAB57002B5EE0 /* MainMenu.xib */; };
		85EA07951DDDABC9002B5EE0 /* DPPainter.m in Sources */ = {isa = PBXBuildFile; fileRef = 85EA07941DDDABC9002B5EE0 /* DPPainter.m */; };
		85EA07981DDDACCC002B5EE0 /* DPImageDownloader.m in Sources */ = {isa = PBXBuildFile; fileRef = 85EA07971DDDACCC002B5EE0 /* DPImageDownloader.m */; };
		E5A074011DDDD7F4003A2470 /* DPUtility.m in Sources */ = {isa = PBXBuildFile; fileRef = E5A074001DDDD7F4003A2470 /* DPUtility.m */; };
/* End PBXBuildFile section */

/* Begin PBXContainerItemProxy section */
		8588DDFA1DDEB11100280ACA /* PBXContainerItemProxy */ = {
			isa = PBXContainerItemProxy;
			containerPortal = 85EA07771DDDAB57002B5EE0 /* Project object */;
			proxyType = 1;
			remoteGlobalIDString = 8588DDE81DDEB03400280ACA;
			remoteInfo = DesktopPainterLogin;
		};
/* End PBXContainerItemProxy section */

/* Begin PBXCopyFilesBuildPhase section */
		8588DDFC1DDEB11500280ACA /* CopyFiles */ = {
			isa = PBXCopyFilesBuildPhase;
			buildActionMask = 2147483647;
			dstPath = Contents/Library/LoginItems;
			dstSubfolderSpec = 1;
			files = (
				8588DDFD1DDEB15100280ACA /* DesktopPainterLogin.app in CopyFiles */,
			);
			runOnlyForDeploymentPostprocessing = 0;
		};
/* End PBXCopyFilesBuildPhase section */

/* Begin PBXFileReference section */
		8588DDD71DDE95FA00280ACA /* DPConstants.h */ = {isa = PBXFileReference; fileEncoding = 4; lastKnownFileType = sourcecode.c.h; path = DPConstants.h; sourceTree = "<group>"; };
		8588DDE91DDEB03400280ACA /* DesktopPainterLogin.app */ = {isa = PBXFileReference; explicitFileType = wrapper.application; includeInIndex = 0; path = DesktopPainterLogin.app; sourceTree = BUILT_PRODUCTS_DIR; };
		8588DDEB1DDEB03400280ACA /* AppDelegate.h */ = {isa = PBXFileReference; lastKnownFileType = sourcecode.c.h; path = AppDelegate.h; sourceTree = "<group>"; };
		8588DDEC1DDEB03400280ACA /* AppDelegate.m */ = {isa = PBXFileReference; lastKnownFileType = sourcecode.c.objc; path = AppDelegate.m; sourceTree = "<group>"; };
		8588DDEF1DDEB03400280ACA /* main.m */ = {isa = PBXFileReference; lastKnownFileType = sourcecode.c.objc; path = main.m; sourceTree = "<group>"; };
		8588DDF11DDEB03400280ACA /* Assets.xcassets */ = {isa = PBXFileReference; lastKnownFileType = folder.assetcatalog; path = Assets.xcassets; sourceTree = "<group>"; };
		8588DDF41DDEB03400280ACA /* Base */ = {isa = PBXFileReference; lastKnownFileType = file.xib; name = Base; path = Base.lproj/MainMenu.xib; sourceTree = "<group>"; };
		8588DDF61DDEB03400280ACA /* Info.plist */ = {isa = PBXFileReference; lastKnownFileType = text.plist.xml; path = Info.plist; sourceTree = "<group>"; };
		8588DDFE1DDECCA100280ACA /* DPStatusBarController.h */ = {isa = PBXFileReference; fileEncoding = 4; lastKnownFileType = sourcecode.c.h; path = DPStatusBarController.h; sourceTree = "<group>"; };
		8588DDFF1DDECCA100280ACA /* DPStatusBarController.m */ = {isa = PBXFileReference; fileEncoding = 4; lastKnownFileType = sourcecode.c.objc; path = DPStatusBarController.m; sourceTree = "<group>"; };
		8588DE001DDECCA100280ACA /* DPStatusBarController.xib */ = {isa = PBXFileReference; fileEncoding = 4; lastKnownFileType = file.xib; path = DPStatusBarController.xib; sourceTree = "<group>"; };
		8588DE041DDED26D00280ACA /* DPSettingsWindowController.h */ = {isa = PBXFileReference; fileEncoding = 4; lastKnownFileType = sourcecode.c.h; path = DPSettingsWindowController.h; sourceTree = "<group>"; };
		8588DE051DDED26D00280ACA /* DPSettingsWindowController.m */ = {isa = PBXFileReference; fileEncoding = 4; lastKnownFileType = sourcecode.c.objc; path = DPSettingsWindowController.m; sourceTree = "<group>"; };
		8588DE061DDED26D00280ACA /* DPSettingsWindowController.xib */ = {isa = PBXFileReference; fileEncoding = 4; lastKnownFileType = file.xib; path = DPSettingsWindowController.xib; sourceTree = "<group>"; };
		85EA077F1DDDAB57002B5EE0 /* DesktopPainter.app */ = {isa = PBXFileReference; explicitFileType = wrapper.application; includeInIndex = 0; path = DesktopPainter.app; sourceTree = BUILT_PRODUCTS_DIR; };
		85EA07821DDDAB57002B5EE0 /* AppDelegate.h */ = {isa = PBXFileReference; lastKnownFileType = sourcecode.c.h; path = AppDelegate.h; sourceTree = "<group>"; };
		85EA07831DDDAB57002B5EE0 /* AppDelegate.m */ = {isa = PBXFileReference; lastKnownFileType = sourcecode.c.objc; path = AppDelegate.m; sourceTree = "<group>"; };
		85EA07861DDDAB57002B5EE0 /* main.m */ = {isa = PBXFileReference; lastKnownFileType = sourcecode.c.objc; path = main.m; sourceTree = "<group>"; };
		85EA07881DDDAB57002B5EE0 /* Assets.xcassets */ = {isa = PBXFileReference; lastKnownFileType = folder.assetcatalog; path = Assets.xcassets; sourceTree = "<group>"; };
		85EA078B1DDDAB57002B5EE0 /* Base */ = {isa = PBXFileReference; lastKnownFileType = file.xib; name = Base; path = Base.lproj/MainMenu.xib; sourceTree = "<group>"; };
		85EA078D1DDDAB57002B5EE0 /* Info.plist */ = {isa = PBXFileReference; lastKnownFileType = text.plist.xml; path = Info.plist; sourceTree = "<group>"; };
		85EA07931DDDABC9002B5EE0 /* DPPainter.h */ = {isa = PBXFileReference; fileEncoding = 4; lastKnownFileType = sourcecode.c.h; path = DPPainter.h; sourceTree = "<group>"; };
		85EA07941DDDABC9002B5EE0 /* DPPainter.m */ = {isa = PBXFileReference; fileEncoding = 4; lastKnownFileType = sourcecode.c.objc; path = DPPainter.m; sourceTree = "<group>"; };
		85EA07961DDDACCC002B5EE0 /* DPImageDownloader.h */ = {isa = PBXFileReference; fileEncoding = 4; lastKnownFileType = sourcecode.c.h; path = DPImageDownloader.h; sourceTree = "<group>"; };
		85EA07971DDDACCC002B5EE0 /* DPImageDownloader.m */ = {isa = PBXFileReference; fileEncoding = 4; lastKnownFileType = sourcecode.c.objc; path = DPImageDownloader.m; sourceTree = "<group>"; };
		E5A073FF1DDDD7F4003A2470 /* DPUtility.h */ = {isa = PBXFileReference; fileEncoding = 4; lastKnownFileType = sourcecode.c.h; path = DPUtility.h; sourceTree = "<group>"; };
		E5A074001DDDD7F4003A2470 /* DPUtility.m */ = {isa = PBXFileReference; fileEncoding = 4; lastKnownFileType = sourcecode.c.objc; path = DPUtility.m; sourceTree = "<group>"; };
/* End PBXFileReference section */

/* Begin PBXFrameworksBuildPhase section */
		8588DDE61DDEB03400280ACA /* Frameworks */ = {
			isa = PBXFrameworksBuildPhase;
			buildActionMask = 2147483647;
			files = (
			);
			runOnlyForDeploymentPostprocessing = 0;
		};
		85EA077C1DDDAB57002B5EE0 /* Frameworks */ = {
			isa = PBXFrameworksBuildPhase;
			buildActionMask = 2147483647;
			files = (
			);
			runOnlyForDeploymentPostprocessing = 0;
		};
/* End PBXFrameworksBuildPhase section */

/* Begin PBXGroup section */
		8588DDE31DDEAE6D00280ACA /* Common */ = {
			isa = PBXGroup;
			children = (
				8588DDD71DDE95FA00280ACA /* DPConstants.h */,
				E5A073FF1DDDD7F4003A2470 /* DPUtility.h */,
				E5A074001DDDD7F4003A2470 /* DPUtility.m */,
			);
			name = Common;
			sourceTree = "<group>";
		};
		8588DDE41DDEAE7300280ACA /* Core */ = {
			isa = PBXGroup;
			children = (
				85EA07931DDDABC9002B5EE0 /* DPPainter.h */,
				85EA07941DDDABC9002B5EE0 /* DPPainter.m */,
				85EA07961DDDACCC002B5EE0 /* DPImageDownloader.h */,
				85EA07971DDDACCC002B5EE0 /* DPImageDownloader.m */,
			);
			name = Core;
			sourceTree = "<group>";
		};
		8588DDEA1DDEB03400280ACA /* DesktopPainterLogin */ = {
			isa = PBXGroup;
			children = (
				8588DDEB1DDEB03400280ACA /* AppDelegate.h */,
				8588DDEC1DDEB03400280ACA /* AppDelegate.m */,
				8588DDEE1DDEB03400280ACA /* Supporting Files */,
			);
			path = DesktopPainterLogin;
			sourceTree = "<group>";
		};
		8588DDEE1DDEB03400280ACA /* Supporting Files */ = {
			isa = PBXGroup;
			children = (
				8588DDF11DDEB03400280ACA /* Assets.xcassets */,
				8588DDF31DDEB03400280ACA /* MainMenu.xib */,
				8588DDEF1DDEB03400280ACA /* main.m */,
				8588DDF61DDEB03400280ACA /* Info.plist */,
			);
			name = "Supporting Files";
			sourceTree = "<group>";
		};
		8588DE031DDED23000280ACA /* UI */ = {
			isa = PBXGroup;
			children = (
				8588DDFE1DDECCA100280ACA /* DPStatusBarController.h */,
				8588DDFF1DDECCA100280ACA /* DPStatusBarController.m */,
				8588DE001DDECCA100280ACA /* DPStatusBarController.xib */,
				8588DE041DDED26D00280ACA /* DPSettingsWindowController.h */,
				8588DE051DDED26D00280ACA /* DPSettingsWindowController.m */,
				8588DE061DDED26D00280ACA /* DPSettingsWindowController.xib */,
			);
			name = UI;
			sourceTree = "<group>";
		};
		85EA07761DDDAB57002B5EE0 = {
			isa = PBXGroup;
			children = (
				85EA07811DDDAB57002B5EE0 /* DesktopPainter */,
				8588DDEA1DDEB03400280ACA /* DesktopPainterLogin */,
				85EA07801DDDAB57002B5EE0 /* Products */,
			);
			sourceTree = "<group>";
		};
		85EA07801DDDAB57002B5EE0 /* Products */ = {
			isa = PBXGroup;
			children = (
				85EA077F1DDDAB57002B5EE0 /* DesktopPainter.app */,
				8588DDE91DDEB03400280ACA /* DesktopPainterLogin.app */,
			);
			name = Products;
			sourceTree = "<group>";
		};
		85EA07811DDDAB57002B5EE0 /* DesktopPainter */ = {
			isa = PBXGroup;
			children = (
				85EA07821DDDAB57002B5EE0 /* AppDelegate.h */,
				85EA07831DDDAB57002B5EE0 /* AppDelegate.m */,
				8588DE031DDED23000280ACA /* UI */,
				8588DDE41DDEAE7300280ACA /* Core */,
				8588DDE31DDEAE6D00280ACA /* Common */,
				85EA07851DDDAB57002B5EE0 /* Supporting Files */,
			);
			path = DesktopPainter;
			sourceTree = "<group>";
		};
		85EA07851DDDAB57002B5EE0 /* Supporting Files */ = {
			isa = PBXGroup;
			children = (
				85EA07881DDDAB57002B5EE0 /* Assets.xcassets */,
				85EA078A1DDDAB57002B5EE0 /* MainMenu.xib */,
				85EA07861DDDAB57002B5EE0 /* main.m */,
				85EA078D1DDDAB57002B5EE0 /* Info.plist */,
			);
			name = "Supporting Files";
			sourceTree = "<group>";
		};
/* End PBXGroup section */

/* Begin PBXNativeTarget section */
		8588DDE81DDEB03400280ACA /* DesktopPainterLogin */ = {
			isa = PBXNativeTarget;
			buildConfigurationList = 8588DDF71DDEB03400280ACA /* Build configuration list for PBXNativeTarget "DesktopPainterLogin" */;
			buildPhases = (
				8588DDE51DDEB03400280ACA /* Sources */,
				8588DDE61DDEB03400280ACA /* Frameworks */,
				8588DDE71DDEB03400280ACA /* Resources */,
			);
			buildRules = (
			);
			dependencies = (
			);
			name = DesktopPainterLogin;
			productName = DesktopPainterLogin;
			productReference = 8588DDE91DDEB03400280ACA /* DesktopPainterLogin.app */;
			productType = "com.apple.product-type.application";
		};
		85EA077E1DDDAB57002B5EE0 /* DesktopPainter */ = {
			isa = PBXNativeTarget;
			buildConfigurationList = 85EA07901DDDAB57002B5EE0 /* Build configuration list for PBXNativeTarget "DesktopPainter" */;
			buildPhases = (
				85EA077B1DDDAB57002B5EE0 /* Sources */,
				85EA077C1DDDAB57002B5EE0 /* Frameworks */,
				85EA077D1DDDAB57002B5EE0 /* Resources */,
				8588DDFC1DDEB11500280ACA /* CopyFiles */,
			);
			buildRules = (
			);
			dependencies = (
				8588DDFB1DDEB11100280ACA /* PBXTargetDependency */,
			);
			name = DesktopPainter;
			productName = DesktopPainter;
			productReference = 85EA077F1DDDAB57002B5EE0 /* DesktopPainter.app */;
			productType = "com.apple.product-type.application";
		};
/* End PBXNativeTarget section */

/* Begin PBXProject section */
		85EA07771DDDAB57002B5EE0 /* Project object */ = {
			isa = PBXProject;
			attributes = {
				LastUpgradeCheck = 0730;
				ORGANIZATIONNAME = GoKuStudio;
				TargetAttributes = {
					8588DDE81DDEB03400280ACA = {
						CreatedOnToolsVersion = 7.3.1;
					};
					85EA077E1DDDAB57002B5EE0 = {
						CreatedOnToolsVersion = 7.3.1;
					};
				};
			};
			buildConfigurationList = 85EA077A1DDDAB57002B5EE0 /* Build configuration list for PBXProject "DesktopPainter" */;
			compatibilityVersion = "Xcode 3.2";
			developmentRegion = English;
			hasScannedForEncodings = 0;
			knownRegions = (
				en,
				Base,
			);
			mainGroup = 85EA07761DDDAB57002B5EE0;
			productRefGroup = 85EA07801DDDAB57002B5EE0 /* Products */;
			projectDirPath = "";
			projectRoot = "";
			targets = (
				85EA077E1DDDAB57002B5EE0 /* DesktopPainter */,
				8588DDE81DDEB03400280ACA /* DesktopPainterLogin */,
			);
		};
/* End PBXProject section */

/* Begin PBXResourcesBuildPhase section */
		8588DDE71DDEB03400280ACA /* Resources */ = {
			isa = PBXResourcesBuildPhase;
			buildActionMask = 2147483647;
			files = (
				8588DDF21DDEB03400280ACA /* Assets.xcassets in Resources */,
				8588DDF51DDEB03400280ACA /* MainMenu.xib in Resources */,
			);
			runOnlyForDeploymentPostprocessing = 0;
		};
		85EA077D1DDDAB57002B5EE0 /* Resources */ = {
			isa = PBXResourcesBuildPhase;
			buildActionMask = 2147483647;
			files = (
				8588DE081DDED26D00280ACA /* DPSettingsWindowController.xib in Resources */,
				85EA07891DDDAB57002B5EE0 /* Assets.xcassets in Resources */,
				8588DE021DDECCA100280ACA /* DPStatusBarController.xib in Resources */,
				85EA078C1DDDAB57002B5EE0 /* MainMenu.xib in Resources */,
			);
			runOnlyForDeploymentPostprocessing = 0;
		};
/* End PBXResourcesBuildPhase section */

/* Begin PBXSourcesBuildPhase section */
		8588DDE51DDEB03400280ACA /* Sources */ = {
			isa = PBXSourcesBuildPhase;
			buildActionMask = 2147483647;
			files = (
				8588DDF01DDEB03400280ACA /* main.m in Sources */,
				8588DDED1DDEB03400280ACA /* AppDelegate.m in Sources */,
			);
			runOnlyForDeploymentPostprocessing = 0;
		};
		85EA077B1DDDAB57002B5EE0 /* Sources */ = {
			isa = PBXSourcesBuildPhase;
			buildActionMask = 2147483647;
			files = (
				85EA07981DDDACCC002B5EE0 /* DPImageDownloader.m in Sources */,
				85EA07871DDDAB57002B5EE0 /* main.m in Sources */,
				85EA07951DDDABC9002B5EE0 /* DPPainter.m in Sources */,
				E5A074011DDDD7F4003A2470 /* DPUtility.m in Sources */,
				85EA07841DDDAB57002B5EE0 /* AppDelegate.m in Sources */,
				8588DE071DDED26D00280ACA /* DPSettingsWindowController.m in Sources */,
				8588DE011DDECCA100280ACA /* DPStatusBarController.m in Sources */,
			);
			runOnlyForDeploymentPostprocessing = 0;
		};
/* End PBXSourcesBuildPhase section */

/* Begin PBXTargetDependency section */
		8588DDFB1DDEB11100280ACA /* PBXTargetDependency */ = {
			isa = PBXTargetDependency;
			target = 8588DDE81DDEB03400280ACA /* DesktopPainterLogin */;
			targetProxy = 8588DDFA1DDEB11100280ACA /* PBXContainerItemProxy */;
		};
/* End PBXTargetDependency section */

/* Begin PBXVariantGroup section */
		8588DDF31DDEB03400280ACA /* MainMenu.xib */ = {
			isa = PBXVariantGroup;
			children = (
				8588DDF41DDEB03400280ACA /* Base */,
			);
			name = MainMenu.xib;
			sourceTree = "<group>";
		};
		85EA078A1DDDAB57002B5EE0 /* MainMenu.xib */ = {
			isa = PBXVariantGroup;
			children = (
				85EA078B1DDDAB57002B5EE0 /* Base */,
			);
			name = MainMenu.xib;
			sourceTree = "<group>";
		};
/* End PBXVariantGroup section */

/* Begin XCBuildConfiguration section */
		8588DDF81DDEB03400280ACA /* Debug */ = {
			isa = XCBuildConfiguration;
			buildSettings = {
				ASSETCATALOG_COMPILER_APPICON_NAME = AppIcon;
				COMBINE_HIDPI_IMAGES = YES;
				INFOPLIST_FILE = DesktopPainterLogin/Info.plist;
				LD_RUNPATH_SEARCH_PATHS = "$(inherited) @executable_path/../Frameworks";
				MACOSX_DEPLOYMENT_TARGET = 10.10;
				PRODUCT_BUNDLE_IDENTIFIER = com.gokustudio.DesktopPainterLogin;
				PRODUCT_NAME = "$(TARGET_NAME)";
			};
			name = Debug;
		};
		8588DDF91DDEB03400280ACA /* Release */ = {
			isa = XCBuildConfiguration;
			buildSettings = {
				ASSETCATALOG_COMPILER_APPICON_NAME = AppIcon;
				CODE_SIGN_IDENTITY = "Developer ID Application: ZongQuan Wang (VWE2C42C86)";
				COMBINE_HIDPI_IMAGES = YES;
				INFOPLIST_FILE = DesktopPainterLogin/Info.plist;
				LD_RUNPATH_SEARCH_PATHS = "$(inherited) @executable_path/../Frameworks";
				MACOSX_DEPLOYMENT_TARGET = 10.10;
				PRODUCT_BUNDLE_IDENTIFIER = com.gokustudio.DesktopPainterLogin;
				PRODUCT_NAME = "$(TARGET_NAME)";
			};
			name = Release;
		};
		85EA078E1DDDAB57002B5EE0 /* Debug */ = {
			isa = XCBuildConfiguration;
			buildSettings = {
				ALWAYS_SEARCH_USER_PATHS = NO;
				CLANG_ANALYZER_NONNULL = YES;
				CLANG_CXX_LANGUAGE_STANDARD = "gnu++0x";
				CLANG_CXX_LIBRARY = "libc++";
				CLANG_ENABLE_MODULES = YES;
				CLANG_ENABLE_OBJC_ARC = YES;
				CLANG_WARN_BOOL_CONVERSION = YES;
				CLANG_WARN_CONSTANT_CONVERSION = YES;
				CLANG_WARN_DIRECT_OBJC_ISA_USAGE = YES_ERROR;
				CLANG_WARN_EMPTY_BODY = YES;
				CLANG_WARN_ENUM_CONVERSION = YES;
				CLANG_WARN_INT_CONVERSION = YES;
				CLANG_WARN_OBJC_ROOT_CLASS = YES_ERROR;
				CLANG_WARN_UNREACHABLE_CODE = YES;
				CLANG_WARN__DUPLICATE_METHOD_MATCH = YES;
				CODE_SIGN_IDENTITY = "-";
				COPY_PHASE_STRIP = NO;
				DEBUG_INFORMATION_FORMAT = dwarf;
				ENABLE_STRICT_OBJC_MSGSEND = YES;
				ENABLE_TESTABILITY = YES;
				GCC_C_LANGUAGE_STANDARD = gnu99;
				GCC_DYNAMIC_NO_PIC = NO;
				GCC_NO_COMMON_BLOCKS = YES;
				GCC_OPTIMIZATION_LEVEL = 0;
				GCC_PREPROCESSOR_DEFINITIONS = (
					"DEBUG=1",
					"$(inherited)",
				);
				GCC_WARN_64_TO_32_BIT_CONVERSION = YES;
				GCC_WARN_ABOUT_RETURN_TYPE = YES_ERROR;
				GCC_WARN_UNDECLARED_SELECTOR = YES;
				GCC_WARN_UNINITIALIZED_AUTOS = YES_AGGRESSIVE;
				GCC_WARN_UNUSED_FUNCTION = YES;
				GCC_WARN_UNUSED_VARIABLE = YES;
				MACOSX_DEPLOYMENT_TARGET = 10.12;
				MTL_ENABLE_DEBUG_INFO = YES;
				ONLY_ACTIVE_ARCH = YES;
				SDKROOT = macosx;
			};
			name = Debug;
		};
		85EA078F1DDDAB57002B5EE0 /* Release */ = {
			isa = XCBuildConfiguration;
			buildSettings = {
				ALWAYS_SEARCH_USER_PATHS = NO;
				CLANG_ANALYZER_NONNULL = YES;
				CLANG_CXX_LANGUAGE_STANDARD = "gnu++0x";
				CLANG_CXX_LIBRARY = "libc++";
				CLANG_ENABLE_MODULES = YES;
				CLANG_ENABLE_OBJC_ARC = YES;
				CLANG_WARN_BOOL_CONVERSION = YES;
				CLANG_WARN_CONSTANT_CONVERSION = YES;
				CLANG_WARN_DIRECT_OBJC_ISA_USAGE = YES_ERROR;
				CLANG_WARN_EMPTY_BODY = YES;
				CLANG_WARN_ENUM_CONVERSION = YES;
				CLANG_WARN_INT_CONVERSION = YES;
				CLANG_WARN_OBJC_ROOT_CLASS = YES_ERROR;
				CLANG_WARN_UNREACHABLE_CODE = YES;
				CLANG_WARN__DUPLICATE_METHOD_MATCH = YES;
				CODE_SIGN_IDENTITY = "-";
				COPY_PHASE_STRIP = NO;
				DEBUG_INFORMATION_FORMAT = "dwarf-with-dsym";
				ENABLE_NS_ASSERTIONS = NO;
				ENABLE_STRICT_OBJC_MSGSEND = YES;
				GCC_C_LANGUAGE_STANDARD = gnu99;
				GCC_NO_COMMON_BLOCKS = YES;
				GCC_WARN_64_TO_32_BIT_CONVERSION = YES;
				GCC_WARN_ABOUT_RETURN_TYPE = YES_ERROR;
				GCC_WARN_UNDECLARED_SELECTOR = YES;
				GCC_WARN_UNINITIALIZED_AUTOS = YES_AGGRESSIVE;
				GCC_WARN_UNUSED_FUNCTION = YES;
				GCC_WARN_UNUSED_VARIABLE = YES;
				MACOSX_DEPLOYMENT_TARGET = 10.12;
				MTL_ENABLE_DEBUG_INFO = NO;
				SDKROOT = macosx;
			};
			name = Release;
		};
		85EA07911DDDAB57002B5EE0 /* Debug */ = {
			isa = XCBuildConfiguration;
			buildSettings = {
				ASSETCATALOG_COMPILER_APPICON_NAME = AppIcon;
				COMBINE_HIDPI_IMAGES = YES;
				INFOPLIST_FILE = DesktopPainter/Info.plist;
				LD_RUNPATH_SEARCH_PATHS = "$(inherited) @executable_path/../Frameworks";
				MACOSX_DEPLOYMENT_TARGET = 10.10;
				PRODUCT_BUNDLE_IDENTIFIER = com.gokustudio.DesktopPainter;
				PRODUCT_NAME = "$(TARGET_NAME)";
			};
			name = Debug;
		};
		85EA07921DDDAB57002B5EE0 /* Release */ = {
			isa = XCBuildConfiguration;
			buildSettings = {
				ASSETCATALOG_COMPILER_APPICON_NAME = AppIcon;
				CODE_SIGN_IDENTITY = "Developer ID Application: ZongQuan Wang (VWE2C42C86)";
				COMBINE_HIDPI_IMAGES = YES;
				INFOPLIST_FILE = DesktopPainter/Info.plist;
				LD_RUNPATH_SEARCH_PATHS = "$(inherited) @executable_path/../Frameworks";
				MACOSX_DEPLOYMENT_TARGET = 10.10;
				PRODUCT_BUNDLE_IDENTIFIER = com.gokustudio.DesktopPainter;
				PRODUCT_NAME = "$(TARGET_NAME)";
			};
			name = Release;
		};
/* End XCBuildConfiguration section */

/* Begin XCConfigurationList section */
		8588DDF71DDEB03400280ACA /* Build configuration list for PBXNativeTarget "DesktopPainterLogin" */ = {
			isa = XCConfigurationList;
			buildConfigurations = (
				8588DDF81DDEB03400280ACA /* Debug */,
				8588DDF91DDEB03400280ACA /* Release */,
			);
			defaultConfigurationIsVisible = 0;
			defaultConfigurationName = Release;
		};
		85EA077A1DDDAB57002B5EE0 /* Build configuration list for PBXProject "DesktopPainter" */ = {
			isa = XCConfigurationList;
			buildConfigurations = (
				85EA078E1DDDAB57002B5EE0 /* Debug */,
				85EA078F1DDDAB57002B5EE0 /* Release */,
			);
			defaultConfigurationIsVisible = 0;
			defaultConfigurationName = Release;
		};
		85EA07901DDDAB57002B5EE0 /* Build configuration list for PBXNativeTarget "DesktopPainter" */ = {
			isa = XCConfigurationList;
			buildConfigurations = (
				85EA07911DDDAB57002B5EE0 /* Debug */,
				85EA07921DDDAB57002B5EE0 /* Release */,
			);
			defaultConfigurationIsVisible = 0;
			defaultConfigurationName = Release;
		};
/* End XCConfigurationList section */
	};
	rootObject = 85EA07771DDDAB57002B5EE0 /* Project object */;
}
